
Microsoft Visual Studio Solution File, Format Version 12.00
# Visual Studio Version 17
VisualStudioVersion = 17.8.34330.188
MinimumVisualStudioVersion = 10.0.40219.1
Project("{00D1A9C2-B5F0-4AF3-8072-F6C62B433612}") = "Database1", "Database1.sqlproj", "{5F5B7E1D-D46A-42BA-8687-D49DD16725EF}"
EndProject
Global
	GlobalSection(SolutionConfigurationPlatforms) = preSolution
		Debug|Any CPU = Debug|Any CPU
		Release|Any CPU = Release|Any CPU
	EndGlobalSection
	GlobalSection(ProjectConfigurationPlatforms) = postSolution
		{5F5B7E1D-D46A-42BA-8687-D49DD16725EF}.Debug|Any CPU.ActiveCfg = Debug|Any CPU
		{5F5B7E1D-D46A-42BA-8687-D49DD16725EF}.Debug|Any CPU.Build.0 = Debug|Any CPU
		{5F5B7E1D-D46A-42BA-8687-D49DD16725EF}.Debug|Any CPU.Deploy.0 = Debug|Any CPU
		{5F5B7E1D-D46A-42BA-8687-D49DD16725EF}.Release|Any CPU.ActiveCfg = Release|Any CPU
		{5F5B7E1D-D46A-42BA-8687-D49DD16725EF}.Release|Any CPU.Build.0 = Release|Any CPU
		{5F5B7E1D-D46A-42BA-8687-D49DD16725EF}.Release|Any CPU.Deploy.0 = Release|Any CPU
	EndGlobalSection
	GlobalSection(SolutionProperties) = preSolution
		HideSolutionNode = FALSE
	EndGlobalSection
	GlobalSection(ExtensibilityGlobals) = postSolution
		SolutionGuid = {750CFBF9-69BE-43C0-9FF5-02348407B636}
	EndGlobalSection
EndGlobal
